// !$*UTF8*$!
{
	archiveVersion = 1;
	classes = {
	};
	objectVersion = 46;
	objects = {

/* Begin PBXBuildFile section */
		C7098A4E1BFDCBCC00C06DDB /* main.m in Sources */ = {isa = PBXBuildFile; fileRef = C7098A4D1BFDCBCC00C06DDB /* main.m */; };
		C7098A511BFDCBCC00C06DDB /* AppDelegate.m in Sources */ = {isa = PBXBuildFile; fileRef = C7098A501BFDCBCC00C06DDB /* AppDelegate.m */; };
		C7098A541BFDCBCC00C06DDB /* wallper111.xcdatamodeld in Sources */ = {isa = PBXBuildFile; fileRef = C7098A521BFDCBCC00C06DDB /* wallper111.xcdatamodeld */; };
		C7098A5C1BFDCBCC00C06DDB /* Images.xcassets in Resources */ = {isa = PBXBuildFile; fileRef = C7098A5B1BFDCBCC00C06DDB /* Images.xcassets */; };
		C7098A5F1BFDCBCC00C06DDB /* LaunchScreen.xib in Resources */ = {isa = PBXBuildFile; fileRef = C7098A5D1BFDCBCC00C06DDB /* LaunchScreen.xib */; };
		C7098A6B1BFDCBCC00C06DDB /* wallper111Tests.m in Sources */ = {isa = PBXBuildFile; fileRef = C7098A6A1BFDCBCC00C06DDB /* wallper111Tests.m */; };
		C76DE6F31BFF1F2A00285A42 /* MJRefresh.bundle in Resources */ = {isa = PBXBuildFile; fileRef = C76DE6E31BFF1F2A00285A42 /* MJRefresh.bundle */; };
		C76DE6F41BFF1F2A00285A42 /* MJRefreshBaseView.m in Sources */ = {isa = PBXBuildFile; fileRef = C76DE6E61BFF1F2A00285A42 /* MJRefreshBaseView.m */; };
		C76DE6F51BFF1F2A00285A42 /* MJRefreshConst.m in Sources */ = {isa = PBXBuildFile; fileRef = C76DE6E81BFF1F2A00285A42 /* MJRefreshConst.m */; };
		C76DE6F61BFF1F2A00285A42 /* MJRefreshFooterView.m in Sources */ = {isa = PBXBuildFile; fileRef = C76DE6EA1BFF1F2A00285A42 /* MJRefreshFooterView.m */; };
		C76DE6F71BFF1F2A00285A42 /* MJRefreshHeaderView.m in Sources */ = {isa = PBXBuildFile; fileRef = C76DE6EC1BFF1F2A00285A42 /* MJRefreshHeaderView.m */; };
		C76DE6F81BFF1F2A00285A42 /* UIScrollView+MJExtension.m in Sources */ = {isa = PBXBuildFile; fileRef = C76DE6EE1BFF1F2A00285A42 /* UIScrollView+MJExtension.m */; };
		C76DE6F91BFF1F2A00285A42 /* UIScrollView+MJRefresh.m in Sources */ = {isa = PBXBuildFile; fileRef = C76DE6F01BFF1F2A00285A42 /* UIScrollView+MJRefresh.m */; };
		C76DE6FA1BFF1F2A00285A42 /* UIView+MJExtension.m in Sources */ = {isa = PBXBuildFile; fileRef = C76DE6F21BFF1F2A00285A42 /* UIView+MJExtension.m */; };
		C7A084C01BFEAEF200A062C8 /* BZClass.storyboard in Resources */ = {isa = PBXBuildFile; fileRef = C7A084BF1BFEAEF200A062C8 /* BZClass.storyboard */; };
		C7A084C21BFEAF5100A062C8 /* BZChoice.storyboard in Resources */ = {isa = PBXBuildFile; fileRef = C7A084C11BFEAF5100A062C8 /* BZChoice.storyboard */; };
		C7A084C41BFEAF9400A062C8 /* BZNew.storyboard in Resources */ = {isa = PBXBuildFile; fileRef = C7A084C31BFEAF9400A062C8 /* BZNew.storyboard */; };
		C7A084C61BFEAFC700A062C8 /* BZMain.storyboard in Resources */ = {isa = PBXBuildFile; fileRef = C7A084C51BFEAFC700A062C8 /* BZMain.storyboard */; };
		C7A084C91BFEB0BD00A062C8 /* BZChoiceNavigationController.m in Sources */ = {isa = PBXBuildFile; fileRef = C7A084C81BFEB0BD00A062C8 /* BZChoiceNavigationController.m */; };
		C7A084DA1BFEB50E00A062C8 /* LICENSE in Resources */ = {isa = PBXBuildFile; fileRef = C7A084D11BFEB50E00A062C8 /* LICENSE */; };
		C7A084DB1BFEB50E00A062C8 /* RDVTabBar.m in Sources */ = {isa = PBXBuildFile; fileRef = C7A084D41BFEB50E00A062C8 /* RDVTabBar.m */; };
		C7A084DC1BFEB50E00A062C8 /* RDVTabBarController.m in Sources */ = {isa = PBXBuildFile; fileRef = C7A084D61BFEB50E00A062C8 /* RDVTabBarController.m */; };
		C7A084DD1BFEB50E00A062C8 /* RDVTabBarItem.m in Sources */ = {isa = PBXBuildFile; fileRef = C7A084D81BFEB50E00A062C8 /* RDVTabBarItem.m */; };
		C7A084DE1BFEB50E00A062C8 /* README.md in Sources */ = {isa = PBXBuildFile; fileRef = C7A084D91BFEB50E00A062C8 /* README.md */; };
		C7A084E41BFEB63C00A062C8 /* BZClassNavigationController.m in Sources */ = {isa = PBXBuildFile; fileRef = C7A084E31BFEB63C00A062C8 /* BZClassNavigationController.m */; };
		C7A084E71BFEB67400A062C8 /* BZNewNavigationController.m in Sources */ = {isa = PBXBuildFile; fileRef = C7A084E61BFEB67400A062C8 /* BZNewNavigationController.m */; };
		C7A084EA1BFEB6F200A062C8 /* BZMainNavigationController.m in Sources */ = {isa = PBXBuildFile; fileRef = C7A084E91BFEB6F200A062C8 /* BZMainNavigationController.m */; };
		C7EBA7201BFEBC350023E71B /* BZChoiceViewController.m in Sources */ = {isa = PBXBuildFile; fileRef = C7EBA71F1BFEBC350023E71B /* BZChoiceViewController.m */; };
		C7EBA7231BFEBEA50023E71B /* BZStartViewController.m in Sources */ = {isa = PBXBuildFile; fileRef = C7EBA7221BFEBEA50023E71B /* BZStartViewController.m */; };
		C7EBA7261BFEC3AC0023E71B /* BZNewViewController.m in Sources */ = {isa = PBXBuildFile; fileRef = C7EBA7251BFEC3AC0023E71B /* BZNewViewController.m */; };
		C7EBA72A1BFECCEC0023E71B /* UIView+NKMoreAttribute.m in Sources */ = {isa = PBXBuildFile; fileRef = C7EBA7291BFECCEC0023E71B /* UIView+NKMoreAttribute.m */; };
/* End PBXBuildFile section */

/* Begin PBXContainerItemProxy section */
		C7098A651BFDCBCC00C06DDB /* PBXContainerItemProxy */ = {
			isa = PBXContainerItemProxy;
			containerPortal = C7098A401BFDCBCC00C06DDB /* Project object */;
			proxyType = 1;
			remoteGlobalIDString = C7098A471BFDCBCC00C06DDB;
			remoteInfo = wallper111;
		};
/* End PBXContainerItemProxy section */

/* Begin PBXFileReference section */
		C7098A481BFDCBCC00C06DDB /* wallper111.app */ = {isa = PBXFileReference; explicitFileType = wrapper.application; includeInIndex = 0; path = wallper111.app; sourceTree = BUILT_PRODUCTS_DIR; };
		C7098A4C1BFDCBCC00C06DDB /* Info.plist */ = {isa = PBXFileReference; lastKnownFileType = text.plist.xml; path = Info.plist; sourceTree = "<group>"; };
		C7098A4D1BFDCBCC00C06DDB /* main.m */ = {isa = PBXFileReference; lastKnownFileType = sourcecode.c.objc; path = main.m; sourceTree = "<group>"; };
		C7098A4F1BFDCBCC00C06DDB /* AppDelegate.h */ = {isa = PBXFileReference; lastKnownFileType = sourcecode.c.h; path = AppDelegate.h; sourceTree = "<group>"; };
		C7098A501BFDCBCC00C06DDB /* AppDelegate.m */ = {isa = PBXFileReference; lastKnownFileType = sourcecode.c.objc; path = AppDelegate.m; sourceTree = "<group>"; };
		C7098A531BFDCBCC00C06DDB /* wallper111.xcdatamodel */ = {isa = PBXFileReference; lastKnownFileType = wrapper.xcdatamodel; path = wallper111.xcdatamodel; sourceTree = "<group>"; };
		C7098A5B1BFDCBCC00C06DDB /* Images.xcassets */ = {isa = PBXFileReference; lastKnownFileType = folder.assetcatalog; path = Images.xcassets; sourceTree = "<group>"; };
		C7098A5E1BFDCBCC00C06DDB /* Base */ = {isa = PBXFileReference; lastKnownFileType = file.xib; name = Base; path = Base.lproj/LaunchScreen.xib; sourceTree = "<group>"; };
		C7098A641BFDCBCC00C06DDB /* wallper111Tests.xctest */ = {isa = PBXFileReference; explicitFileType = wrapper.cfbundle; includeInIndex = 0; path = wallper111Tests.xctest; sourceTree = BUILT_PRODUCTS_DIR; };
		C7098A691BFDCBCC00C06DDB /* Info.plist */ = {isa = PBXFileReference; lastKnownFileType = text.plist.xml; path = Info.plist; sourceTree = "<group>"; };
		C7098A6A1BFDCBCC00C06DDB /* wallper111Tests.m */ = {isa = PBXFileReference; lastKnownFileType = sourcecode.c.objc; path = wallper111Tests.m; sourceTree = "<group>"; };
		C76DE6E31BFF1F2A00285A42 /* MJRefresh.bundle */ = {isa = PBXFileReference; lastKnownFileType = "wrapper.plug-in"; path = MJRefresh.bundle; sourceTree = "<group>"; };
		C76DE6E41BFF1F2A00285A42 /* MJRefresh.h */ = {isa = PBXFileReference; fileEncoding = 4; lastKnownFileType = sourcecode.c.h; path = MJRefresh.h; sourceTree = "<group>"; };
		C76DE6E51BFF1F2A00285A42 /* MJRefreshBaseView.h */ = {isa = PBXFileReference; fileEncoding = 4; lastKnownFileType = sourcecode.c.h; path = MJRefreshBaseView.h; sourceTree = "<group>"; };
		C76DE6E61BFF1F2A00285A42 /* MJRefreshBaseView.m */ = {isa = PBXFileReference; fileEncoding = 4; lastKnownFileType = sourcecode.c.objc; path = MJRefreshBaseView.m; sourceTree = "<group>"; };
		C76DE6E71BFF1F2A00285A42 /* MJRefreshConst.h */ = {isa = PBXFileReference; fileEncoding = 4; lastKnownFileType = sourcecode.c.h; path = MJRefreshConst.h; sourceTree = "<group>"; };
		C76DE6E81BFF1F2A00285A42 /* MJRefreshConst.m */ = {isa = PBXFileReference; fileEncoding = 4; lastKnownFileType = sourcecode.c.objc; path = MJRefreshConst.m; sourceTree = "<group>"; };
		C76DE6E91BFF1F2A00285A42 /* MJRefreshFooterView.h */ = {isa = PBXFileReference; fileEncoding = 4; lastKnownFileType = sourcecode.c.h; path = MJRefreshFooterView.h; sourceTree = "<group>"; };
		C76DE6EA1BFF1F2A00285A42 /* MJRefreshFooterView.m */ = {isa = PBXFileReference; fileEncoding = 4; lastKnownFileType = sourcecode.c.objc; path = MJRefreshFooterView.m; sourceTree = "<group>"; };
		C76DE6EB1BFF1F2A00285A42 /* MJRefreshHeaderView.h */ = {isa = PBXFileReference; fileEncoding = 4; lastKnownFileType = sourcecode.c.h; path = MJRefreshHeaderView.h; sourceTree = "<group>"; };
		C76DE6EC1BFF1F2A00285A42 /* MJRefreshHeaderView.m */ = {isa = PBXFileReference; fileEncoding = 4; lastKnownFileType = sourcecode.c.objc; path = MJRefreshHeaderView.m; sourceTree = "<group>"; };
		C76DE6ED1BFF1F2A00285A42 /* UIScrollView+MJExtension.h */ = {isa = PBXFileReference; fileEncoding = 4; lastKnownFileType = sourcecode.c.h; path = "UIScrollView+MJExtension.h"; sourceTree = "<group>"; };
		C76DE6EE1BFF1F2A00285A42 /* UIScrollView+MJExtension.m */ = {isa = PBXFileReference; fileEncoding = 4; lastKnownFileType = sourcecode.c.objc; path = "UIScrollView+MJExtension.m"; sourceTree = "<group>"; };
		C76DE6EF1BFF1F2A00285A42 /* UIScrollView+MJRefresh.h */ = {isa = PBXFileReference; fileEncoding = 4; lastKnownFileType = sourcecode.c.h; path = "UIScrollView+MJRefresh.h"; sourceTree = "<group>"; };
		C76DE6F01BFF1F2A00285A42 /* UIScrollView+MJRefresh.m */ = {isa = PBXFileReference; fileEncoding = 4; lastKnownFileType = sourcecode.c.objc; path = "UIScrollView+MJRefresh.m"; sourceTree = "<group>"; };
		C76DE6F11BFF1F2A00285A42 /* UIView+MJExtension.h */ = {isa = PBXFileReference; fileEncoding = 4; lastKnownFileType = sourcecode.c.h; path = "UIView+MJExtension.h"; sourceTree = "<group>"; };
		C76DE6F21BFF1F2A00285A42 /* UIView+MJExtension.m */ = {isa = PBXFileReference; fileEncoding = 4; lastKnownFileType = sourcecode.c.objc; path = "UIView+MJExtension.m"; sourceTree = "<group>"; };
		C7A084BF1BFEAEF200A062C8 /* BZClass.storyboard */ = {isa = PBXFileReference; fileEncoding = 4; lastKnownFileType = file.storyboard; path = BZClass.storyboard; sourceTree = "<group>"; };
		C7A084C11BFEAF5100A062C8 /* BZChoice.storyboard */ = {isa = PBXFileReference; fileEncoding = 4; lastKnownFileType = file.storyboard; path = BZChoice.storyboard; sourceTree = "<group>"; };
		C7A084C31BFEAF9400A062C8 /* BZNew.storyboard */ = {isa = PBXFileReference; fileEncoding = 4; lastKnownFileType = file.storyboard; path = BZNew.storyboard; sourceTree = "<group>"; };
		C7A084C51BFEAFC700A062C8 /* BZMain.storyboard */ = {isa = PBXFileReference; fileEncoding = 4; lastKnownFileType = file.storyboard; path = BZMain.storyboard; sourceTree = "<group>"; };
		C7A084C71BFEB0BD00A062C8 /* BZChoiceNavigationController.h */ = {isa = PBXFileReference; fileEncoding = 4; lastKnownFileType = sourcecode.c.h; path = BZChoiceNavigationController.h; sourceTree = "<group>"; };
		C7A084C81BFEB0BD00A062C8 /* BZChoiceNavigationController.m */ = {isa = PBXFileReference; fileEncoding = 4; lastKnownFileType = sourcecode.c.objc; path = BZChoiceNavigationController.m; sourceTree = "<group>"; };
		C7A084D11BFEB50E00A062C8 /* LICENSE */ = {isa = PBXFileReference; fileEncoding = 4; lastKnownFileType = text; path = LICENSE; sourceTree = "<group>"; };
		C7A084D31BFEB50E00A062C8 /* RDVTabBar.h */ = {isa = PBXFileReference; fileEncoding = 4; lastKnownFileType = sourcecode.c.h; path = RDVTabBar.h; sourceTree = "<group>"; };
		C7A084D41BFEB50E00A062C8 /* RDVTabBar.m */ = {isa = PBXFileReference; fileEncoding = 4; lastKnownFileType = sourcecode.c.objc; path = RDVTabBar.m; sourceTree = "<group>"; };
		C7A084D51BFEB50E00A062C8 /* RDVTabBarController.h */ = {isa = PBXFileReference; fileEncoding = 4; lastKnownFileType = sourcecode.c.h; path = RDVTabBarController.h; sourceTree = "<group>"; };
		C7A084D61BFEB50E00A062C8 /* RDVTabBarController.m */ = {isa = PBXFileReference; fileEncoding = 4; lastKnownFileType = sourcecode.c.objc; path = RDVTabBarController.m; sourceTree = "<group>"; };
		C7A084D71BFEB50E00A062C8 /* RDVTabBarItem.h */ = {isa = PBXFileReference; fileEncoding = 4; lastKnownFileType = sourcecode.c.h; path = RDVTabBarItem.h; sourceTree = "<group>"; };
		C7A084D81BFEB50E00A062C8 /* RDVTabBarItem.m */ = {isa = PBXFileReference; fileEncoding = 4; lastKnownFileType = sourcecode.c.objc; path = RDVTabBarItem.m; sourceTree = "<group>"; };
		C7A084D91BFEB50E00A062C8 /* README.md */ = {isa = PBXFileReference; fileEncoding = 4; lastKnownFileType = net.daringfireball.markdown; path = README.md; sourceTree = "<group>"; };
		C7A084E21BFEB63C00A062C8 /* BZClassNavigationController.h */ = {isa = PBXFileReference; fileEncoding = 4; lastKnownFileType = sourcecode.c.h; path = BZClassNavigationController.h; sourceTree = "<group>"; };
		C7A084E31BFEB63C00A062C8 /* BZClassNavigationController.m */ = {isa = PBXFileReference; fileEncoding = 4; lastKnownFileType = sourcecode.c.objc; path = BZClassNavigationController.m; sourceTree = "<group>"; };
		C7A084E51BFEB67400A062C8 /* BZNewNavigationController.h */ = {isa = PBXFileReference; fileEncoding = 4; lastKnownFileType = sourcecode.c.h; path = BZNewNavigationController.h; sourceTree = "<group>"; };
		C7A084E61BFEB67400A062C8 /* BZNewNavigationController.m */ = {isa = PBXFileReference; fileEncoding = 4; lastKnownFileType = sourcecode.c.objc; path = BZNewNavigationController.m; sourceTree = "<group>"; };
		C7A084E81BFEB6F200A062C8 /* BZMainNavigationController.h */ = {isa = PBXFileReference; fileEncoding = 4; lastKnownFileType = sourcecode.c.h; path = BZMainNavigationController.h; sourceTree = "<group>"; };
		C7A084E91BFEB6F200A062C8 /* BZMainNavigationController.m */ = {isa = PBXFileReference; fileEncoding = 4; lastKnownFileType = sourcecode.c.objc; path = BZMainNavigationController.m; sourceTree = "<group>"; };
		C7EBA71E1BFEBC350023E71B /* BZChoiceViewController.h */ = {isa = PBXFileReference; fileEncoding = 4; lastKnownFileType = sourcecode.c.h; path = BZChoiceViewController.h; sourceTree = "<group>"; };
		C7EBA71F1BFEBC350023E71B /* BZChoiceViewController.m */ = {isa = PBXFileReference; fileEncoding = 4; lastKnownFileType = sourcecode.c.objc; path = BZChoiceViewController.m; sourceTree = "<group>"; };
		C7EBA7211BFEBEA50023E71B /* BZStartViewController.h */ = {isa = PBXFileReference; fileEncoding = 4; lastKnownFileType = sourcecode.c.h; path = BZStartViewController.h; sourceTree = "<group>"; };
		C7EBA7221BFEBEA50023E71B /* BZStartViewController.m */ = {isa = PBXFileReference; fileEncoding = 4; lastKnownFileType = sourcecode.c.objc; path = BZStartViewController.m; sourceTree = "<group>"; };
		C7EBA7241BFEC3AC0023E71B /* BZNewViewController.h */ = {isa = PBXFileReference; fileEncoding = 4; lastKnownFileType = sourcecode.c.h; path = BZNewViewController.h; sourceTree = "<group>"; };
		C7EBA7251BFEC3AC0023E71B /* BZNewViewController.m */ = {isa = PBXFileReference; fileEncoding = 4; lastKnownFileType = sourcecode.c.objc; path = BZNewViewController.m; sourceTree = "<group>"; };
		C7EBA7281BFECCEC0023E71B /* UIView+NKMoreAttribute.h */ = {isa = PBXFileReference; fileEncoding = 4; lastKnownFileType = sourcecode.c.h; path = "UIView+NKMoreAttribute.h"; sourceTree = "<group>"; };
		C7EBA7291BFECCEC0023E71B /* UIView+NKMoreAttribute.m */ = {isa = PBXFileReference; fileEncoding = 4; lastKnownFileType = sourcecode.c.objc; path = "UIView+NKMoreAttribute.m"; sourceTree = "<group>"; };
/* End PBXFileReference section */

/* Begin PBXFrameworksBuildPhase section */
		C7098A451BFDCBCC00C06DDB /* Frameworks */ = {
			isa = PBXFrameworksBuildPhase;
			buildActionMask = 2147483647;
			files = (
			);
			runOnlyForDeploymentPostprocessing = 0;
		};
		C7098A611BFDCBCC00C06DDB /* Frameworks */ = {
			isa = PBXFrameworksBuildPhase;
			buildActionMask = 2147483647;
			files = (
			);
			runOnlyForDeploymentPostprocessing = 0;
		};
/* End PBXFrameworksBuildPhase section */

/* Begin PBXGroup section */
		C7098A3F1BFDCBCC00C06DDB = {
			isa = PBXGroup;
			children = (
				C7098A4A1BFDCBCC00C06DDB /* wallper111 */,
				C7098A671BFDCBCC00C06DDB /* wallper111Tests */,
				C7098A491BFDCBCC00C06DDB /* Products */,
			);
			sourceTree = "<group>";
		};
		C7098A491BFDCBCC00C06DDB /* Products */ = {
			isa = PBXGroup;
			children = (
				C7098A481BFDCBCC00C06DDB /* wallper111.app */,
				C7098A641BFDCBCC00C06DDB /* wallper111Tests.xctest */,
			);
			name = Products;
			sourceTree = "<group>";
		};
		C7098A4A1BFDCBCC00C06DDB /* wallper111 */ = {
			isa = PBXGroup;
			children = (
				C7EBA7271BFECC9F0023E71B /* category */,
				C7A084CA1BFEB0D200A062C8 /* 主界面 */,
				C7A084B41BFEAC2B00A062C8 /* 精选 */,
				C7A084B31BFEAC2700A062C8 /* 分类 */,
				C7A084B21BFEAC2500A062C8 /* 最新 */,
				C7A084B51BFEACCC00A062C8 /* 我 */,
				C7A084B11BFEAC2300A062C8 /* 其他 */,
				C7A084CF1BFEB50E00A062C8 /* frameworks */,
				C7098A4B1BFDCBCC00C06DDB /* Supporting Files */,
			);
			path = wallper111;
			sourceTree = "<group>";
		};
		C7098A4B1BFDCBCC00C06DDB /* Supporting Files */ = {
			isa = PBXGroup;
			children = (
				C7098A4C1BFDCBCC00C06DDB /* Info.plist */,
				C7098A4D1BFDCBCC00C06DDB /* main.m */,
			);
			name = "Supporting Files";
			sourceTree = "<group>";
		};
		C7098A671BFDCBCC00C06DDB /* wallper111Tests */ = {
			isa = PBXGroup;
			children = (
				C7098A6A1BFDCBCC00C06DDB /* wallper111Tests.m */,
				C7098A681BFDCBCC00C06DDB /* Supporting Files */,
			);
			path = wallper111Tests;
			sourceTree = "<group>";
		};
		C7098A681BFDCBCC00C06DDB /* Supporting Files */ = {
			isa = PBXGroup;
			children = (
				C7098A691BFDCBCC00C06DDB /* Info.plist */,
			);
			name = "Supporting Files";
			sourceTree = "<group>";
		};
		C76DE6E21BFF1F2A00285A42 /* MJRefresh */ = {
			isa = PBXGroup;
			children = (
				C76DE6E31BFF1F2A00285A42 /* MJRefresh.bundle */,
				C76DE6E41BFF1F2A00285A42 /* MJRefresh.h */,
				C76DE6E51BFF1F2A00285A42 /* MJRefreshBaseView.h */,
				C76DE6E61BFF1F2A00285A42 /* MJRefreshBaseView.m */,
				C76DE6E71BFF1F2A00285A42 /* MJRefreshConst.h */,
				C76DE6E81BFF1F2A00285A42 /* MJRefreshConst.m */,
				C76DE6E91BFF1F2A00285A42 /* MJRefreshFooterView.h */,
				C76DE6EA1BFF1F2A00285A42 /* MJRefreshFooterView.m */,
				C76DE6EB1BFF1F2A00285A42 /* MJRefreshHeaderView.h */,
				C76DE6EC1BFF1F2A00285A42 /* MJRefreshHeaderView.m */,
				C76DE6ED1BFF1F2A00285A42 /* UIScrollView+MJExtension.h */,
				C76DE6EE1BFF1F2A00285A42 /* UIScrollView+MJExtension.m */,
				C76DE6EF1BFF1F2A00285A42 /* UIScrollView+MJRefresh.h */,
				C76DE6F01BFF1F2A00285A42 /* UIScrollView+MJRefresh.m */,
				C76DE6F11BFF1F2A00285A42 /* UIView+MJExtension.h */,
				C76DE6F21BFF1F2A00285A42 /* UIView+MJExtension.m */,
			);
			path = MJRefresh;
			sourceTree = "<group>";
		};
		C7A084B11BFEAC2300A062C8 /* 其他 */ = {
			isa = PBXGroup;
			children = (
				C7098A4F1BFDCBCC00C06DDB /* AppDelegate.h */,
				C7098A501BFDCBCC00C06DDB /* AppDelegate.m */,
				C7098A5B1BFDCBCC00C06DDB /* Images.xcassets */,
				C7098A5D1BFDCBCC00C06DDB /* LaunchScreen.xib */,
				C7098A521BFDCBCC00C06DDB /* wallper111.xcdatamodeld */,
			);
			name = "其他";
			sourceTree = "<group>";
		};
		C7A084B21BFEAC2500A062C8 /* 最新 */ = {
			isa = PBXGroup;
			children = (
				C7A084BE1BFEAD4600A062C8 /* models */,
				C7A084BD1BFEAD4200A062C8 /* views */,
				C7A084BC1BFEAD3C00A062C8 /* controllers */,
			);
			name = "最新";
			sourceTree = "<group>";
		};
		C7A084B31BFEAC2700A062C8 /* 分类 */ = {
			isa = PBXGroup;
			children = (
				C7A084BB1BFEAD0C00A062C8 /* models */,
				C7A084BA1BFEAD0800A062C8 /* views */,
				C7A084B91BFEAD0600A062C8 /* controllers */,
			);
			name = "分类";
			sourceTree = "<group>";
		};
		C7A084B41BFEAC2B00A062C8 /* 精选 */ = {
			isa = PBXGroup;
			children = (
				C7A084B81BFEACE800A062C8 /* models */,
				C7A084B71BFEACE600A062C8 /* views */,
				C7A084B61BFEACE400A062C8 /* controllers */,
			);
			name = "精选";
			sourceTree = "<group>";
		};
		C7A084B51BFEACCC00A062C8 /* 我 */ = {
			isa = PBXGroup;
			children = (
				C7A084CE1BFEB4BA00A062C8 /* models */,
				C7A084CD1BFEB4B800A062C8 /* views */,
				C7A084CC1BFEB4B600A062C8 /* controllers */,
			);
			name = "我";
			sourceTree = "<group>";
		};
		C7A084B61BFEACE400A062C8 /* controllers */ = {
			isa = PBXGroup;
			children = (
				C7A084C11BFEAF5100A062C8 /* BZChoice.storyboard */,
				C7A084C71BFEB0BD00A062C8 /* BZChoiceNavigationController.h */,
				C7A084C81BFEB0BD00A062C8 /* BZChoiceNavigationController.m */,
				C7EBA71E1BFEBC350023E71B /* BZChoiceViewController.h */,
				C7EBA71F1BFEBC350023E71B /* BZChoiceViewController.m */,
			);
			name = controllers;
			sourceTree = "<group>";
		};
		C7A084B71BFEACE600A062C8 /* views */ = {
			isa = PBXGroup;
			children = (
			);
			name = views;
			sourceTree = "<group>";
		};
		C7A084B81BFEACE800A062C8 /* models */ = {
			isa = PBXGroup;
			children = (
			);
			name = models;
			sourceTree = "<group>";
		};
		C7A084B91BFEAD0600A062C8 /* controllers */ = {
			isa = PBXGroup;
			children = (
				C7A084BF1BFEAEF200A062C8 /* BZClass.storyboard */,
				C7A084E21BFEB63C00A062C8 /* BZClassNavigationController.h */,
				C7A084E31BFEB63C00A062C8 /* BZClassNavigationController.m */,
			);
			name = controllers;
			sourceTree = "<group>";
		};
		C7A084BA1BFEAD0800A062C8 /* views */ = {
			isa = PBXGroup;
			children = (
			);
			name = views;
			sourceTree = "<group>";
		};
		C7A084BB1BFEAD0C00A062C8 /* models */ = {
			isa = PBXGroup;
			children = (
			);
			name = models;
			sourceTree = "<group>";
		};
		C7A084BC1BFEAD3C00A062C8 /* controllers */ = {
			isa = PBXGroup;
			children = (
				C7A084C31BFEAF9400A062C8 /* BZNew.storyboard */,
				C7A084E51BFEB67400A062C8 /* BZNewNavigationController.h */,
				C7A084E61BFEB67400A062C8 /* BZNewNavigationController.m */,
				C7EBA7241BFEC3AC0023E71B /* BZNewViewController.h */,
				C7EBA7251BFEC3AC0023E71B /* BZNewViewController.m */,
			);
			name = controllers;
			sourceTree = "<group>";
		};
		C7A084BD1BFEAD4200A062C8 /* views */ = {
			isa = PBXGroup;
			children = (
			);
			name = views;
			sourceTree = "<group>";
		};
		C7A084BE1BFEAD4600A062C8 /* models */ = {
			isa = PBXGroup;
			children = (
			);
			name = models;
			sourceTree = "<group>";
		};
		C7A084CA1BFEB0D200A062C8 /* 主界面 */ = {
			isa = PBXGroup;
			children = (
				C7EBA7211BFEBEA50023E71B /* BZStartViewController.h */,
				C7EBA7221BFEBEA50023E71B /* BZStartViewController.m */,
			);
			name = "主界面";
			sourceTree = "<group>";
		};
		C7A084CC1BFEB4B600A062C8 /* controllers */ = {
			isa = PBXGroup;
			children = (
				C7A084C51BFEAFC700A062C8 /* BZMain.storyboard */,
				C7A084E81BFEB6F200A062C8 /* BZMainNavigationController.h */,
				C7A084E91BFEB6F200A062C8 /* BZMainNavigationController.m */,
			);
			name = controllers;
			sourceTree = "<group>";
		};
		C7A084CD1BFEB4B800A062C8 /* views */ = {
			isa = PBXGroup;
			children = (
			);
			name = views;
			sourceTree = "<group>";
		};
		C7A084CE1BFEB4BA00A062C8 /* models */ = {
			isa = PBXGroup;
			children = (
			);
			name = models;
			sourceTree = "<group>";
		};
		C7A084CF1BFEB50E00A062C8 /* frameworks */ = {
			isa = PBXGroup;
			children = (
				C76DE6E21BFF1F2A00285A42 /* MJRefresh */,
				C7A084D01BFEB50E00A062C8 /* RDVTabBarController */,
			);
			path = frameworks;
			sourceTree = "<group>";
		};
		C7A084D01BFEB50E00A062C8 /* RDVTabBarController */ = {
			isa = PBXGroup;
			children = (
				C7A084D11BFEB50E00A062C8 /* LICENSE */,
				C7A084D21BFEB50E00A062C8 /* RDVTabBarController */,
				C7A084D91BFEB50E00A062C8 /* README.md */,
			);
			path = RDVTabBarController;
			sourceTree = "<group>";
		};
		C7A084D21BFEB50E00A062C8 /* RDVTabBarController */ = {
			isa = PBXGroup;
			children = (
				C7A084D31BFEB50E00A062C8 /* RDVTabBar.h */,
				C7A084D41BFEB50E00A062C8 /* RDVTabBar.m */,
				C7A084D51BFEB50E00A062C8 /* RDVTabBarController.h */,
				C7A084D61BFEB50E00A062C8 /* RDVTabBarController.m */,
				C7A084D71BFEB50E00A062C8 /* RDVTabBarItem.h */,
				C7A084D81BFEB50E00A062C8 /* RDVTabBarItem.m */,
			);
			path = RDVTabBarController;
			sourceTree = "<group>";
		};
		C7EBA7271BFECC9F0023E71B /* category */ = {
			isa = PBXGroup;
			children = (
				C7EBA7281BFECCEC0023E71B /* UIView+NKMoreAttribute.h */,
				C7EBA7291BFECCEC0023E71B /* UIView+NKMoreAttribute.m */,
			);
			name = category;
			sourceTree = "<group>";
		};
/* End PBXGroup section */

/* Begin PBXNativeTarget section */
		C7098A471BFDCBCC00C06DDB /* wallper111 */ = {
			isa = PBXNativeTarget;
			buildConfigurationList = C7098A6E1BFDCBCC00C06DDB /* Build configuration list for PBXNativeTarget "wallper111" */;
			buildPhases = (
				C7098A441BFDCBCC00C06DDB /* Sources */,
				C7098A451BFDCBCC00C06DDB /* Frameworks */,
				C7098A461BFDCBCC00C06DDB /* Resources */,
			);
			buildRules = (
			);
			dependencies = (
			);
			name = wallper111;
			productName = wallper111;
			productReference = C7098A481BFDCBCC00C06DDB /* wallper111.app */;
			productType = "com.apple.product-type.application";
		};
		C7098A631BFDCBCC00C06DDB /* wallper111Tests */ = {
			isa = PBXNativeTarget;
			buildConfigurationList = C7098A711BFDCBCC00C06DDB /* Build configuration list for PBXNativeTarget "wallper111Tests" */;
			buildPhases = (
				C7098A601BFDCBCC00C06DDB /* Sources */,
				C7098A611BFDCBCC00C06DDB /* Frameworks */,
				C7098A621BFDCBCC00C06DDB /* Resources */,
			);
			buildRules = (
			);
			dependencies = (
				C7098A661BFDCBCC00C06DDB /* PBXTargetDependency */,
			);
			name = wallper111Tests;
			productName = wallper111Tests;
			productReference = C7098A641BFDCBCC00C06DDB /* wallper111Tests.xctest */;
			productType = "com.apple.product-type.bundle.unit-test";
		};
/* End PBXNativeTarget section */

/* Begin PBXProject section */
		C7098A401BFDCBCC00C06DDB /* Project object */ = {
			isa = PBXProject;
			attributes = {
				LastUpgradeCheck = 0630;
				ORGANIZATIONNAME = neuedu;
				TargetAttributes = {
					C7098A471BFDCBCC00C06DDB = {
						CreatedOnToolsVersion = 6.3.2;
					};
					C7098A631BFDCBCC00C06DDB = {
						CreatedOnToolsVersion = 6.3.2;
						TestTargetID = C7098A471BFDCBCC00C06DDB;
					};
				};
			};
			buildConfigurationList = C7098A431BFDCBCC00C06DDB /* Build configuration list for PBXProject "wallper111" */;
			compatibilityVersion = "Xcode 3.2";
			developmentRegion = English;
			hasScannedForEncodings = 0;
			knownRegions = (
				en,
				Base,
			);
			mainGroup = C7098A3F1BFDCBCC00C06DDB;
			productRefGroup = C7098A491BFDCBCC00C06DDB /* Products */;
			projectDirPath = "";
			projectRoot = "";
			targets = (
				C7098A471BFDCBCC00C06DDB /* wallper111 */,
				C7098A631BFDCBCC00C06DDB /* wallper111Tests */,
			);
		};
/* End PBXProject section */

/* Begin PBXResourcesBuildPhase section */
		C7098A461BFDCBCC00C06DDB /* Resources */ = {
			isa = PBXResourcesBuildPhase;
			buildActionMask = 2147483647;
			files = (
				C7098A5F1BFDCBCC00C06DDB /* LaunchScreen.xib in Resources */,
				C7A084C21BFEAF5100A062C8 /* BZChoice.storyboard in Resources */,
				C7A084C61BFEAFC700A062C8 /* BZMain.storyboard in Resources */,
				C7A084DA1BFEB50E00A062C8 /* LICENSE in Resources */,
				C7A084C41BFEAF9400A062C8 /* BZNew.storyboard in Resources */,
				C7098A5C1BFDCBCC00C06DDB /* Images.xcassets in Resources */,
				C76DE6F31BFF1F2A00285A42 /* MJRefresh.bundle in Resources */,
				C7A084C01BFEAEF200A062C8 /* BZClass.storyboard in Resources */,
			);
			runOnlyForDeploymentPostprocessing = 0;
		};
		C7098A621BFDCBCC00C06DDB /* Resources */ = {
			isa = PBXResourcesBuildPhase;
			buildActionMask = 2147483647;
			files = (
			);
			runOnlyForDeploymentPostprocessing = 0;
		};
/* End PBXResourcesBuildPhase section */

/* Begin PBXSourcesBuildPhase section */
		C7098A441BFDCBCC00C06DDB /* Sources */ = {
			isa = PBXSourcesBuildPhase;
			buildActionMask = 2147483647;
			files = (
				C76DE6F71BFF1F2A00285A42 /* MJRefreshHeaderView.m in Sources */,
				C7A084EA1BFEB6F200A062C8 /* BZMainNavigationController.m in Sources */,
				C7EBA72A1BFECCEC0023E71B /* UIView+NKMoreAttribute.m in Sources */,
				C7A084C91BFEB0BD00A062C8 /* BZChoiceNavigationController.m in Sources */,
				C76DE6F81BFF1F2A00285A42 /* UIScrollView+MJExtension.m in Sources */,
				C7A084E71BFEB67400A062C8 /* BZNewNavigationController.m in Sources */,
				C76DE6F51BFF1F2A00285A42 /* MJRefreshConst.m in Sources */,
				C7098A541BFDCBCC00C06DDB /* wallper111.xcdatamodeld in Sources */,
				C7EBA7201BFEBC350023E71B /* BZChoiceViewController.m in Sources */,
				C76DE6FA1BFF1F2A00285A42 /* UIView+MJExtension.m in Sources */,
				C7A084E41BFEB63C00A062C8 /* BZClassNavigationController.m in Sources */,
				C7098A511BFDCBCC00C06DDB /* AppDelegate.m in Sources */,
				C76DE6F91BFF1F2A00285A42 /* UIScrollView+MJRefresh.m in Sources */,
				C7A084DB1BFEB50E00A062C8 /* RDVTabBar.m in Sources */,
				C7A084DC1BFEB50E00A062C8 /* RDVTabBarController.m in Sources */,
				C76DE6F41BFF1F2A00285A42 /* MJRefreshBaseView.m in Sources */,
				C76DE6F61BFF1F2A00285A42 /* MJRefreshFooterView.m in Sources */,
				C7EBA7261BFEC3AC0023E71B /* BZNewViewController.m in Sources */,
				C7098A4E1BFDCBCC00C06DDB /* main.m in Sources */,
				C7A084DE1BFEB50E00A062C8 /* README.md in Sources */,
				C7A084DD1BFEB50E00A062C8 /* RDVTabBarItem.m in Sources */,
				C7EBA7231BFEBEA50023E71B /* BZStartViewController.m in Sources */,
			);
			runOnlyForDeploymentPostprocessing = 0;
		};
		C7098A601BFDCBCC00C06DDB /* Sources */ = {
			isa = PBXSourcesBuildPhase;
			buildActionMask = 2147483647;
			files = (
				C7098A6B1BFDCBCC00C06DDB /* wallper111Tests.m in Sources */,
			);
			runOnlyForDeploymentPostprocessing = 0;
		};
/* End PBXSourcesBuildPhase section */

/* Begin PBXTargetDependency section */
		C7098A661BFDCBCC00C06DDB /* PBXTargetDependency */ = {
			isa = PBXTargetDependency;
			target = C7098A471BFDCBCC00C06DDB /* wallper111 */;
			targetProxy = C7098A651BFDCBCC00C06DDB /* PBXContainerItemProxy */;
		};
/* End PBXTargetDependency section */

/* Begin PBXVariantGroup section */
		C7098A5D1BFDCBCC00C06DDB /* LaunchScreen.xib */ = {
			isa = PBXVariantGroup;
			children = (
				C7098A5E1BFDCBCC00C06DDB /* Base */,
			);
			name = LaunchScreen.xib;
			sourceTree = "<group>";
		};
/* End PBXVariantGroup section */

/* Begin XCBuildConfiguration section */
		C7098A6C1BFDCBCC00C06DDB /* Debug */ = {
			isa = XCBuildConfiguration;
			buildSettings = {
				ALWAYS_SEARCH_USER_PATHS = NO;
				CLANG_CXX_LANGUAGE_STANDARD = "gnu++0x";
				CLANG_CXX_LIBRARY = "libc++";
				CLANG_ENABLE_MODULES = YES;
				CLANG_ENABLE_OBJC_ARC = YES;
				CLANG_WARN_BOOL_CONVERSION = YES;
				CLANG_WARN_CONSTANT_CONVERSION = YES;
				CLANG_WARN_DIRECT_OBJC_ISA_USAGE = YES_ERROR;
				CLANG_WARN_EMPTY_BODY = YES;
				CLANG_WARN_ENUM_CONVERSION = YES;
				CLANG_WARN_INT_CONVERSION = YES;
				CLANG_WARN_OBJC_ROOT_CLASS = YES_ERROR;
				CLANG_WARN_UNREACHABLE_CODE = YES;
				CLANG_WARN__DUPLICATE_METHOD_MATCH = YES;
				"CODE_SIGN_IDENTITY[sdk=iphoneos*]" = "iPhone Developer";
				COPY_PHASE_STRIP = NO;
				DEBUG_INFORMATION_FORMAT = "dwarf-with-dsym";
				ENABLE_STRICT_OBJC_MSGSEND = YES;
				GCC_C_LANGUAGE_STANDARD = gnu99;
				GCC_DYNAMIC_NO_PIC = NO;
				GCC_NO_COMMON_BLOCKS = YES;
				GCC_OPTIMIZATION_LEVEL = 0;
				GCC_PREPROCESSOR_DEFINITIONS = (
					"DEBUG=1",
					"$(inherited)",
				);
				GCC_SYMBOLS_PRIVATE_EXTERN = NO;
				GCC_WARN_64_TO_32_BIT_CONVERSION = YES;
				GCC_WARN_ABOUT_RETURN_TYPE = YES_ERROR;
				GCC_WARN_UNDECLARED_SELECTOR = YES;
				GCC_WARN_UNINITIALIZED_AUTOS = YES_AGGRESSIVE;
				GCC_WARN_UNUSED_FUNCTION = YES;
				GCC_WARN_UNUSED_VARIABLE = YES;
				IPHONEOS_DEPLOYMENT_TARGET = 8.3;
				MTL_ENABLE_DEBUG_INFO = YES;
				ONLY_ACTIVE_ARCH = YES;
				SDKROOT = iphoneos;
				TARGETED_DEVICE_FAMILY = "1,2";
			};
			name = Debug;
		};
		C7098A6D1BFDCBCC00C06DDB /* Release */ = {
			isa = XCBuildConfiguration;
			buildSettings = {
				ALWAYS_SEARCH_USER_PATHS = NO;
				CLANG_CXX_LANGUAGE_STANDARD = "gnu++0x";
				CLANG_CXX_LIBRARY = "libc++";
				CLANG_ENABLE_MODULES = YES;
				CLANG_ENABLE_OBJC_ARC = YES;
				CLANG_WARN_BOOL_CONVERSION = YES;
				CLANG_WARN_CONSTANT_CONVERSION = YES;
				CLANG_WARN_DIRECT_OBJC_ISA_USAGE = YES_ERROR;
				CLANG_WARN_EMPTY_BODY = YES;
				CLANG_WARN_ENUM_CONVERSION = YES;
				CLANG_WARN_INT_CONVERSION = YES;
				CLANG_WARN_OBJC_ROOT_CLASS = YES_ERROR;
				CLANG_WARN_UNREACHABLE_CODE = YES;
				CLANG_WARN__DUPLICATE_METHOD_MATCH = YES;
				"CODE_SIGN_IDENTITY[sdk=iphoneos*]" = "iPhone Developer";
				COPY_PHASE_STRIP = NO;
				DEBUG_INFORMATION_FORMAT = "dwarf-with-dsym";
				ENABLE_NS_ASSERTIONS = NO;
				ENABLE_STRICT_OBJC_MSGSEND = YES;
				GCC_C_LANGUAGE_STANDARD = gnu99;
				GCC_NO_COMMON_BLOCKS = YES;
				GCC_WARN_64_TO_32_BIT_CONVERSION = YES;
				GCC_WARN_ABOUT_RETURN_TYPE = YES_ERROR;
				GCC_WARN_UNDECLARED_SELECTOR = YES;
				GCC_WARN_UNINITIALIZED_AUTOS = YES_AGGRESSIVE;
				GCC_WARN_UNUSED_FUNCTION = YES;
				GCC_WARN_UNUSED_VARIABLE = YES;
				IPHONEOS_DEPLOYMENT_TARGET = 8.3;
				MTL_ENABLE_DEBUG_INFO = NO;
				SDKROOT = iphoneos;
				TARGETED_DEVICE_FAMILY = "1,2";
				VALIDATE_PRODUCT = YES;
			};
			name = Release;
		};
		C7098A6F1BFDCBCC00C06DDB /* Debug */ = {
			isa = XCBuildConfiguration;
			buildSettings = {
				ASSETCATALOG_COMPILER_APPICON_NAME = AppIcon;
				INFOPLIST_FILE = wallper111/Info.plist;
				LD_RUNPATH_SEARCH_PATHS = "$(inherited) @executable_path/Frameworks";
				PRODUCT_NAME = "$(TARGET_NAME)";
			};
			name = Debug;
		};
		C7098A701BFDCBCC00C06DDB /* Release */ = {
			isa = XCBuildConfiguration;
			buildSettings = {
				ASSETCATALOG_COMPILER_APPICON_NAME = AppIcon;
				INFOPLIST_FILE = wallper111/Info.plist;
				LD_RUNPATH_SEARCH_PATHS = "$(inherited) @executable_path/Frameworks";
				PRODUCT_NAME = "$(TARGET_NAME)";
			};
			name = Release;
		};
		C7098A721BFDCBCC00C06DDB /* Debug */ = {
			isa = XCBuildConfiguration;
			buildSettings = {
				BUNDLE_LOADER = "$(TEST_HOST)";
				FRAMEWORK_SEARCH_PATHS = (
					"$(SDKROOT)/Developer/Library/Frameworks",
					"$(inherited)",
				);
				GCC_PREPROCESSOR_DEFINITIONS = (
					"DEBUG=1",
					"$(inherited)",
				);
				INFOPLIST_FILE = wallper111Tests/Info.plist;
				LD_RUNPATH_SEARCH_PATHS = "$(inherited) @executable_path/Frameworks @loader_path/Frameworks";
				PRODUCT_NAME = "$(TARGET_NAME)";
				TEST_HOST = "$(BUILT_PRODUCTS_DIR)/wallper111.app/wallper111";
			};
			name = Debug;
		};
		C7098A731BFDCBCC00C06DDB /* Release */ = {
			isa = XCBuildConfiguration;
			buildSettings = {
				BUNDLE_LOADER = "$(TEST_HOST)";
				FRAMEWORK_SEARCH_PATHS = (
					"$(SDKROOT)/Developer/Library/Frameworks",
					"$(inherited)",
				);
				INFOPLIST_FILE = wallper111Tests/Info.plist;
				LD_RUNPATH_SEARCH_PATHS = "$(inherited) @executable_path/Frameworks @loader_path/Frameworks";
				PRODUCT_NAME = "$(TARGET_NAME)";
				TEST_HOST = "$(BUILT_PRODUCTS_DIR)/wallper111.app/wallper111";
			};
			name = Release;
		};
/* End XCBuildConfiguration section */

/* Begin XCConfigurationList section */
		C7098A431BFDCBCC00C06DDB /* Build configuration list for PBXProject "wallper111" */ = {
			isa = XCConfigurationList;
			buildConfigurations = (
				C7098A6C1BFDCBCC00C06DDB /* Debug */,
				C7098A6D1BFDCBCC00C06DDB /* Release */,
			);
			defaultConfigurationIsVisible = 0;
			defaultConfigurationName = Release;
		};
		C7098A6E1BFDCBCC00C06DDB /* Build configuration list for PBXNativeTarget "wallper111" */ = {
			isa = XCConfigurationList;
			buildConfigurations = (
				C7098A6F1BFDCBCC00C06DDB /* Debug */,
				C7098A701BFDCBCC00C06DDB /* Release */,
			);
			defaultConfigurationIsVisible = 0;
			defaultConfigurationName = Release;
		};
		C7098A711BFDCBCC00C06DDB /* Build configuration list for PBXNativeTarget "wallper111Tests" */ = {
			isa = XCConfigurationList;
			buildConfigurations = (
				C7098A721BFDCBCC00C06DDB /* Debug */,
				C7098A731BFDCBCC00C06DDB /* Release */,
			);
			defaultConfigurationIsVisible = 0;
			defaultConfigurationName = Release;
		};
/* End XCConfigurationList section */

/* Begin XCVersionGroup section */
		C7098A521BFDCBCC00C06DDB /* wallper111.xcdatamodeld */ = {
			isa = XCVersionGroup;
			children = (
				C7098A531BFDCBCC00C06DDB /* wallper111.xcdatamodel */,
			);
			currentVersion = C7098A531BFDCBCC00C06DDB /* wallper111.xcdatamodel */;
			path = wallper111.xcdatamodeld;
			sourceTree = "<group>";
			versionGroupType = wrapper.xcdatamodel;
		};
/* End XCVersionGroup section */
	};
	rootObject = C7098A401BFDCBCC00C06DDB /* Project object */;
}
