// !$*UTF8*$!
{
	archiveVersion = 1;
	classes = {
	};
	objectVersion = 46;
	objects = {

/* Begin PBXBuildFile section */
		C7098A4E1BFDCBCC00C06DDB /* main.m in Sources */ = {isa = PBXBuildFile; fileRef = C7098A4D1BFDCBCC00C06DDB /* main.m */; };
		C7098A511BFDCBCC00C06DDB /* AppDelegate.m in Sources */ = {isa = PBXBuildFile; fileRef = C7098A501BFDCBCC00C06DDB /* AppDelegate.m */; };
		C7098A541BFDCBCC00C06DDB /* wallper111.xcdatamodeld in Sources */ = {isa = PBXBuildFile; fileRef = C7098A521BFDCBCC00C06DDB /* wallper111.xcdatamodeld */; };
		C7098A571BFDCBCC00C06DDB /* ViewController.m in Sources */ = {isa = PBXBuildFile; fileRef = C7098A561BFDCBCC00C06DDB /* ViewController.m */; };
		C7098A5A1BFDCBCC00C06DDB /* Main.storyboard in Resources */ = {isa = PBXBuildFile; fileRef = C7098A581BFDCBCC00C06DDB /* Main.storyboard */; };
		C7098A5C1BFDCBCC00C06DDB /* Images.xcassets in Resources */ = {isa = PBXBuildFile; fileRef = C7098A5B1BFDCBCC00C06DDB /* Images.xcassets */; };
		C7098A5F1BFDCBCC00C06DDB /* LaunchScreen.xib in Resources */ = {isa = PBXBuildFile; fileRef = C7098A5D1BFDCBCC00C06DDB /* LaunchScreen.xib */; };
		C7098A6B1BFDCBCC00C06DDB /* wallper111Tests.m in Sources */ = {isa = PBXBuildFile; fileRef = C7098A6A1BFDCBCC00C06DDB /* wallper111Tests.m */; };
/* End PBXBuildFile section */

/* Begin PBXContainerItemProxy section */
		C7098A651BFDCBCC00C06DDB /* PBXContainerItemProxy */ = {
			isa = PBXContainerItemProxy;
			containerPortal = C7098A401BFDCBCC00C06DDB /* Project object */;
			proxyType = 1;
			remoteGlobalIDString = C7098A471BFDCBCC00C06DDB;
			remoteInfo = wallper111;
		};
/* End PBXContainerItemProxy section */

/* Begin PBXFileReference section */
		C7098A481BFDCBCC00C06DDB /* wallper111.app */ = {isa = PBXFileReference; explicitFileType = wrapper.application; includeInIndex = 0; path = wallper111.app; sourceTree = BUILT_PRODUCTS_DIR; };
		C7098A4C1BFDCBCC00C06DDB /* Info.plist */ = {isa = PBXFileReference; lastKnownFileType = text.plist.xml; path = Info.plist; sourceTree = "<group>"; };
		C7098A4D1BFDCBCC00C06DDB /* main.m */ = {isa = PBXFileReference; lastKnownFileType = sourcecode.c.objc; path = main.m; sourceTree = "<group>"; };
		C7098A4F1BFDCBCC00C06DDB /* AppDelegate.h */ = {isa = PBXFileReference; lastKnownFileType = sourcecode.c.h; path = AppDelegate.h; sourceTree = "<group>"; };
		C7098A501BFDCBCC00C06DDB /* AppDelegate.m */ = {isa = PBXFileReference; lastKnownFileType = sourcecode.c.objc; path = AppDelegate.m; sourceTree = "<group>"; };
		C7098A531BFDCBCC00C06DDB /* wallper111.xcdatamodel */ = {isa = PBXFileReference; lastKnownFileType = wrapper.xcdatamodel; path = wallper111.xcdatamodel; sourceTree = "<group>"; };
		C7098A551BFDCBCC00C06DDB /* ViewController.h */ = {isa = PBXFileReference; lastKnownFileType = sourcecode.c.h; path = ViewController.h; sourceTree = "<group>"; };
		C7098A561BFDCBCC00C06DDB /* ViewController.m */ = {isa = PBXFileReference; lastKnownFileType = sourcecode.c.objc; path = ViewController.m; sourceTree = "<group>"; };
		C7098A591BFDCBCC00C06DDB /* Base */ = {isa = PBXFileReference; lastKnownFileType = file.storyboard; name = Base; path = Base.lproj/Main.storyboard; sourceTree = "<group>"; };
		C7098A5B1BFDCBCC00C06DDB /* Images.xcassets */ = {isa = PBXFileReference; lastKnownFileType = folder.assetcatalog; path = Images.xcassets; sourceTree = "<group>"; };
		C7098A5E1BFDCBCC00C06DDB /* Base */ = {isa = PBXFileReference; lastKnownFileType = file.xib; name = Base; path = Base.lproj/LaunchScreen.xib; sourceTree = "<group>"; };
		C7098A641BFDCBCC00C06DDB /* wallper111Tests.xctest */ = {isa = PBXFileReference; explicitFileType = wrapper.cfbundle; includeInIndex = 0; path = wallper111Tests.xctest; sourceTree = BUILT_PRODUCTS_DIR; };
		C7098A691BFDCBCC00C06DDB /* Info.plist */ = {isa = PBXFileReference; lastKnownFileType = text.plist.xml; path = Info.plist; sourceTree = "<group>"; };
		C7098A6A1BFDCBCC00C06DDB /* wallper111Tests.m */ = {isa = PBXFileReference; lastKnownFileType = sourcecode.c.objc; path = wallper111Tests.m; sourceTree = "<group>"; };
/* End PBXFileReference section */

/* Begin PBXFrameworksBuildPhase section */
		C7098A451BFDCBCC00C06DDB /* Frameworks */ = {
			isa = PBXFrameworksBuildPhase;
			buildActionMask = 2147483647;
			files = (
			);
			runOnlyForDeploymentPostprocessing = 0;
		};
		C7098A611BFDCBCC00C06DDB /* Frameworks */ = {
			isa = PBXFrameworksBuildPhase;
			buildActionMask = 2147483647;
			files = (
			);
			runOnlyForDeploymentPostprocessing = 0;
		};
/* End PBXFrameworksBuildPhase section */

/* Begin PBXGroup section */
		C7098A3F1BFDCBCC00C06DDB = {
			isa = PBXGroup;
			children = (
				C7098A4A1BFDCBCC00C06DDB /* wallper111 */,
				C7098A671BFDCBCC00C06DDB /* wallper111Tests */,
				C7098A491BFDCBCC00C06DDB /* Products */,
			);
			sourceTree = "<group>";
		};
		C7098A491BFDCBCC00C06DDB /* Products */ = {
			isa = PBXGroup;
			children = (
				C7098A481BFDCBCC00C06DDB /* wallper111.app */,
				C7098A641BFDCBCC00C06DDB /* wallper111Tests.xctest */,
			);
			name = Products;
			sourceTree = "<group>";
		};
		C7098A4A1BFDCBCC00C06DDB /* wallper111 */ = {
			isa = PBXGroup;
			children = (
				C7098A4F1BFDCBCC00C06DDB /* AppDelegate.h */,
				C7098A501BFDCBCC00C06DDB /* AppDelegate.m */,
				C7098A551BFDCBCC00C06DDB /* ViewController.h */,
				C7098A561BFDCBCC00C06DDB /* ViewController.m */,
				C7098A581BFDCBCC00C06DDB /* Main.storyboard */,
				C7098A5B1BFDCBCC00C06DDB /* Images.xcassets */,
				C7098A5D1BFDCBCC00C06DDB /* LaunchScreen.xib */,
				C7098A521BFDCBCC00C06DDB /* wallper111.xcdatamodeld */,
				C7098A4B1BFDCBCC00C06DDB /* Supporting Files */,
			);
			path = wallper111;
			sourceTree = "<group>";
		};
		C7098A4B1BFDCBCC00C06DDB /* Supporting Files */ = {
			isa = PBXGroup;
			children = (
				C7098A4C1BFDCBCC00C06DDB /* Info.plist */,
				C7098A4D1BFDCBCC00C06DDB /* main.m */,
			);
			name = "Supporting Files";
			sourceTree = "<group>";
		};
		C7098A671BFDCBCC00C06DDB /* wallper111Tests */ = {
			isa = PBXGroup;
			children = (
				C7098A6A1BFDCBCC00C06DDB /* wallper111Tests.m */,
				C7098A681BFDCBCC00C06DDB /* Supporting Files */,
			);
			path = wallper111Tests;
			sourceTree = "<group>";
		};
		C7098A681BFDCBCC00C06DDB /* Supporting Files */ = {
			isa = PBXGroup;
			children = (
				C7098A691BFDCBCC00C06DDB /* Info.plist */,
			);
			name = "Supporting Files";
			sourceTree = "<group>";
		};
/* End PBXGroup section */

/* Begin PBXNativeTarget section */
		C7098A471BFDCBCC00C06DDB /* wallper111 */ = {
			isa = PBXNativeTarget;
			buildConfigurationList = C7098A6E1BFDCBCC00C06DDB /* Build configuration list for PBXNativeTarget "wallper111" */;
			buildPhases = (
				C7098A441BFDCBCC00C06DDB /* Sources */,
				C7098A451BFDCBCC00C06DDB /* Frameworks */,
				C7098A461BFDCBCC00C06DDB /* Resources */,
			);
			buildRules = (
			);
			dependencies = (
			);
			name = wallper111;
			productName = wallper111;
			productReference = C7098A481BFDCBCC00C06DDB /* wallper111.app */;
			productType = "com.apple.product-type.application";
		};
		C7098A631BFDCBCC00C06DDB /* wallper111Tests */ = {
			isa = PBXNativeTarget;
			buildConfigurationList = C7098A711BFDCBCC00C06DDB /* Build configuration list for PBXNativeTarget "wallper111Tests" */;
			buildPhases = (
				C7098A601BFDCBCC00C06DDB /* Sources */,
				C7098A611BFDCBCC00C06DDB /* Frameworks */,
				C7098A621BFDCBCC00C06DDB /* Resources */,
			);
			buildRules = (
			);
			dependencies = (
				C7098A661BFDCBCC00C06DDB /* PBXTargetDependency */,
			);
			name = wallper111Tests;
			productName = wallper111Tests;
			productReference = C7098A641BFDCBCC00C06DDB /* wallper111Tests.xctest */;
			productType = "com.apple.product-type.bundle.unit-test";
		};
/* End PBXNativeTarget section */

/* Begin PBXProject section */
		C7098A401BFDCBCC00C06DDB /* Project object */ = {
			isa = PBXProject;
			attributes = {
				LastUpgradeCheck = 0630;
				ORGANIZATIONNAME = neuedu;
				TargetAttributes = {
					C7098A471BFDCBCC00C06DDB = {
						CreatedOnToolsVersion = 6.3.2;
					};
					C7098A631BFDCBCC00C06DDB = {
						CreatedOnToolsVersion = 6.3.2;
						TestTargetID = C7098A471BFDCBCC00C06DDB;
					};
				};
			};
			buildConfigurationList = C7098A431BFDCBCC00C06DDB /* Build configuration list for PBXProject "wallper111" */;
			compatibilityVersion = "Xcode 3.2";
			developmentRegion = English;
			hasScannedForEncodings = 0;
			knownRegions = (
				en,
				Base,
			);
			mainGroup = C7098A3F1BFDCBCC00C06DDB;
			productRefGroup = C7098A491BFDCBCC00C06DDB /* Products */;
			projectDirPath = "";
			projectRoot = "";
			targets = (
				C7098A471BFDCBCC00C06DDB /* wallper111 */,
				C7098A631BFDCBCC00C06DDB /* wallper111Tests */,
			);
		};
/* End PBXProject section */

/* Begin PBXResourcesBuildPhase section */
		C7098A461BFDCBCC00C06DDB /* Resources */ = {
			isa = PBXResourcesBuildPhase;
			buildActionMask = 2147483647;
			files = (
				C7098A5A1BFDCBCC00C06DDB /* Main.storyboard in Resources */,
				C7098A5F1BFDCBCC00C06DDB /* LaunchScreen.xib in Resources */,
				C7098A5C1BFDCBCC00C06DDB /* Images.xcassets in Resources */,
			);
			runOnlyForDeploymentPostprocessing = 0;
		};
		C7098A621BFDCBCC00C06DDB /* Resources */ = {
			isa = PBXResourcesBuildPhase;
			buildActionMask = 2147483647;
			files = (
			);
			runOnlyForDeploymentPostprocessing = 0;
		};
/* End PBXResourcesBuildPhase section */

/* Begin PBXSourcesBuildPhase section */
		C7098A441BFDCBCC00C06DDB /* Sources */ = {
			isa = PBXSourcesBuildPhase;
			buildActionMask = 2147483647;
			files = (
				C7098A541BFDCBCC00C06DDB /* wallper111.xcdatamodeld in Sources */,
				C7098A511BFDCBCC00C06DDB /* AppDelegate.m in Sources */,
				C7098A571BFDCBCC00C06DDB /* ViewController.m in Sources */,
				C7098A4E1BFDCBCC00C06DDB /* main.m in Sources */,
			);
			runOnlyForDeploymentPostprocessing = 0;
		};
		C7098A601BFDCBCC00C06DDB /* Sources */ = {
			isa = PBXSourcesBuildPhase;
			buildActionMask = 2147483647;
			files = (
				C7098A6B1BFDCBCC00C06DDB /* wallper111Tests.m in Sources */,
			);
			runOnlyForDeploymentPostprocessing = 0;
		};
/* End PBXSourcesBuildPhase section */

/* Begin PBXTargetDependency section */
		C7098A661BFDCBCC00C06DDB /* PBXTargetDependency */ = {
			isa = PBXTargetDependency;
			target = C7098A471BFDCBCC00C06DDB /* wallper111 */;
			targetProxy = C7098A651BFDCBCC00C06DDB /* PBXContainerItemProxy */;
		};
/* End PBXTargetDependency section */

/* Begin PBXVariantGroup section */
		C7098A581BFDCBCC00C06DDB /* Main.storyboard */ = {
			isa = PBXVariantGroup;
			children = (
				C7098A591BFDCBCC00C06DDB /* Base */,
			);
			name = Main.storyboard;
			sourceTree = "<group>";
		};
		C7098A5D1BFDCBCC00C06DDB /* LaunchScreen.xib */ = {
			isa = PBXVariantGroup;
			children = (
				C7098A5E1BFDCBCC00C06DDB /* Base */,
			);
			name = LaunchScreen.xib;
			sourceTree = "<group>";
		};
/* End PBXVariantGroup section */

/* Begin XCBuildConfiguration section */
		C7098A6C1BFDCBCC00C06DDB /* Debug */ = {
			isa = XCBuildConfiguration;
			buildSettings = {
				ALWAYS_SEARCH_USER_PATHS = NO;
				CLANG_CXX_LANGUAGE_STANDARD = "gnu++0x";
				CLANG_CXX_LIBRARY = "libc++";
				CLANG_ENABLE_MODULES = YES;
				CLANG_ENABLE_OBJC_ARC = YES;
				CLANG_WARN_BOOL_CONVERSION = YES;
				CLANG_WARN_CONSTANT_CONVERSION = YES;
				CLANG_WARN_DIRECT_OBJC_ISA_USAGE = YES_ERROR;
				CLANG_WARN_EMPTY_BODY = YES;
				CLANG_WARN_ENUM_CONVERSION = YES;
				CLANG_WARN_INT_CONVERSION = YES;
				CLANG_WARN_OBJC_ROOT_CLASS = YES_ERROR;
				CLANG_WARN_UNREACHABLE_CODE = YES;
				CLANG_WARN__DUPLICATE_METHOD_MATCH = YES;
				"CODE_SIGN_IDENTITY[sdk=iphoneos*]" = "iPhone Developer";
				COPY_PHASE_STRIP = NO;
				DEBUG_INFORMATION_FORMAT = "dwarf-with-dsym";
				ENABLE_STRICT_OBJC_MSGSEND = YES;
				GCC_C_LANGUAGE_STANDARD = gnu99;
				GCC_DYNAMIC_NO_PIC = NO;
				GCC_NO_COMMON_BLOCKS = YES;
				GCC_OPTIMIZATION_LEVEL = 0;
				GCC_PREPROCESSOR_DEFINITIONS = (
					"DEBUG=1",
					"$(inherited)",
				);
				GCC_SYMBOLS_PRIVATE_EXTERN = NO;
				GCC_WARN_64_TO_32_BIT_CONVERSION = YES;
				GCC_WARN_ABOUT_RETURN_TYPE = YES_ERROR;
				GCC_WARN_UNDECLARED_SELECTOR = YES;
				GCC_WARN_UNINITIALIZED_AUTOS = YES_AGGRESSIVE;
				GCC_WARN_UNUSED_FUNCTION = YES;
				GCC_WARN_UNUSED_VARIABLE = YES;
				IPHONEOS_DEPLOYMENT_TARGET = 8.3;
				MTL_ENABLE_DEBUG_INFO = YES;
				ONLY_ACTIVE_ARCH = YES;
				SDKROOT = iphoneos;
				TARGETED_DEVICE_FAMILY = "1,2";
			};
			name = Debug;
		};
		C7098A6D1BFDCBCC00C06DDB /* Release */ = {
			isa = XCBuildConfiguration;
			buildSettings = {
				ALWAYS_SEARCH_USER_PATHS = NO;
				CLANG_CXX_LANGUAGE_STANDARD = "gnu++0x";
				CLANG_CXX_LIBRARY = "libc++";
				CLANG_ENABLE_MODULES = YES;
				CLANG_ENABLE_OBJC_ARC = YES;
				CLANG_WARN_BOOL_CONVERSION = YES;
				CLANG_WARN_CONSTANT_CONVERSION = YES;
				CLANG_WARN_DIRECT_OBJC_ISA_USAGE = YES_ERROR;
				CLANG_WARN_EMPTY_BODY = YES;
				CLANG_WARN_ENUM_CONVERSION = YES;
				CLANG_WARN_INT_CONVERSION = YES;
				CLANG_WARN_OBJC_ROOT_CLASS = YES_ERROR;
				CLANG_WARN_UNREACHABLE_CODE = YES;
				CLANG_WARN__DUPLICATE_METHOD_MATCH = YES;
				"CODE_SIGN_IDENTITY[sdk=iphoneos*]" = "iPhone Developer";
				COPY_PHASE_STRIP = NO;
				DEBUG_INFORMATION_FORMAT = "dwarf-with-dsym";
				ENABLE_NS_ASSERTIONS = NO;
				ENABLE_STRICT_OBJC_MSGSEND = YES;
				GCC_C_LANGUAGE_STANDARD = gnu99;
				GCC_NO_COMMON_BLOCKS = YES;
				GCC_WARN_64_TO_32_BIT_CONVERSION = YES;
				GCC_WARN_ABOUT_RETURN_TYPE = YES_ERROR;
				GCC_WARN_UNDECLARED_SELECTOR = YES;
				GCC_WARN_UNINITIALIZED_AUTOS = YES_AGGRESSIVE;
				GCC_WARN_UNUSED_FUNCTION = YES;
				GCC_WARN_UNUSED_VARIABLE = YES;
				IPHONEOS_DEPLOYMENT_TARGET = 8.3;
				MTL_ENABLE_DEBUG_INFO = NO;
				SDKROOT = iphoneos;
				TARGETED_DEVICE_FAMILY = "1,2";
				VALIDATE_PRODUCT = YES;
			};
			name = Release;
		};
		C7098A6F1BFDCBCC00C06DDB /* Debug */ = {
			isa = XCBuildConfiguration;
			buildSettings = {
				ASSETCATALOG_COMPILER_APPICON_NAME = AppIcon;
				INFOPLIST_FILE = wallper111/Info.plist;
				LD_RUNPATH_SEARCH_PATHS = "$(inherited) @executable_path/Frameworks";
				PRODUCT_NAME = "$(TARGET_NAME)";
			};
			name = Debug;
		};
		C7098A701BFDCBCC00C06DDB /* Release */ = {
			isa = XCBuildConfiguration;
			buildSettings = {
				ASSETCATALOG_COMPILER_APPICON_NAME = AppIcon;
				INFOPLIST_FILE = wallper111/Info.plist;
				LD_RUNPATH_SEARCH_PATHS = "$(inherited) @executable_path/Frameworks";
				PRODUCT_NAME = "$(TARGET_NAME)";
			};
			name = Release;
		};
		C7098A721BFDCBCC00C06DDB /* Debug */ = {
			isa = XCBuildConfiguration;
			buildSettings = {
				BUNDLE_LOADER = "$(TEST_HOST)";
				FRAMEWORK_SEARCH_PATHS = (
					"$(SDKROOT)/Developer/Library/Frameworks",
					"$(inherited)",
				);
				GCC_PREPROCESSOR_DEFINITIONS = (
					"DEBUG=1",
					"$(inherited)",
				);
				INFOPLIST_FILE = wallper111Tests/Info.plist;
				LD_RUNPATH_SEARCH_PATHS = "$(inherited) @executable_path/Frameworks @loader_path/Frameworks";
				PRODUCT_NAME = "$(TARGET_NAME)";
				TEST_HOST = "$(BUILT_PRODUCTS_DIR)/wallper111.app/wallper111";
			};
			name = Debug;
		};
		C7098A731BFDCBCC00C06DDB /* Release */ = {
			isa = XCBuildConfiguration;
			buildSettings = {
				BUNDLE_LOADER = "$(TEST_HOST)";
				FRAMEWORK_SEARCH_PATHS = (
					"$(SDKROOT)/Developer/Library/Frameworks",
					"$(inherited)",
				);
				INFOPLIST_FILE = wallper111Tests/Info.plist;
				LD_RUNPATH_SEARCH_PATHS = "$(inherited) @executable_path/Frameworks @loader_path/Frameworks";
				PRODUCT_NAME = "$(TARGET_NAME)";
				TEST_HOST = "$(BUILT_PRODUCTS_DIR)/wallper111.app/wallper111";
			};
			name = Release;
		};
/* End XCBuildConfiguration section */

/* Begin XCConfigurationList section */
		C7098A431BFDCBCC00C06DDB /* Build configuration list for PBXProject "wallper111" */ = {
			isa = XCConfigurationList;
			buildConfigurations = (
				C7098A6C1BFDCBCC00C06DDB /* Debug */,
				C7098A6D1BFDCBCC00C06DDB /* Release */,
			);
			defaultConfigurationIsVisible = 0;
			defaultConfigurationName = Release;
		};
		C7098A6E1BFDCBCC00C06DDB /* Build configuration list for PBXNativeTarget "wallper111" */ = {
			isa = XCConfigurationList;
			buildConfigurations = (
				C7098A6F1BFDCBCC00C06DDB /* Debug */,
				C7098A701BFDCBCC00C06DDB /* Release */,
			);
			defaultConfigurationIsVisible = 0;
		};
		C7098A711BFDCBCC00C06DDB /* Build configuration list for PBXNativeTarget "wallper111Tests" */ = {
			isa = XCConfigurationList;
			buildConfigurations = (
				C7098A721BFDCBCC00C06DDB /* Debug */,
				C7098A731BFDCBCC00C06DDB /* Release */,
			);
			defaultConfigurationIsVisible = 0;
		};
/* End XCConfigurationList section */

/* Begin XCVersionGroup section */
		C7098A521BFDCBCC00C06DDB /* wallper111.xcdatamodeld */ = {
			isa = XCVersionGroup;
			children = (
				C7098A531BFDCBCC00C06DDB /* wallper111.xcdatamodel */,
			);
			currentVersion = C7098A531BFDCBCC00C06DDB /* wallper111.xcdatamodel */;
			path = wallper111.xcdatamodeld;
			sourceTree = "<group>";
			versionGroupType = wrapper.xcdatamodel;
		};
/* End XCVersionGroup section */
	};
	rootObject = C7098A401BFDCBCC00C06DDB /* Project object */;
}
